github.com/tencentcloud/tencentcloud-sdk-go/tencentcloud/common v1.0.718 h1:Y3rnawBLb/0I+S8VrfQS7/el+9hbpL8TtxG7Cs9KI6k=
github.com/tencentcloud/tencentcloud-sdk-go/tencentcloud/common v1.0.718/go.mod h1:7sCQWVkxcsR38nffDW057DRGk8mUjK1Ing/EFOK8s8Y=
github.com/tencentcloud/tencentcloud-sdk-go/tencentcloud/lighthouse v1.0.718 h1:7VznT66hLDw8sPEoO5YCgxOuvOgxG3lpvQ4f7ZvyEZc=
github.com/tencentcloud/tencentcloud-sdk-go/tencentcloud/lighthouse v1.0.718/go.mod h1:5ElO/8/GueXg6GW6KSZjOvvr9oXg983kq9VLmrj6lPI=
github.com/tencentcloud/tencentcloud-sdk-go/tencentcloud/vpc v1.0.718 h1:DZxHtSui30gat3RMZ0QbF5RghitwRzzJvGf7EIrztyU=
github.com/tencentcloud/tencentcloud-sdk-go/tencentcloud/vpc v1.0.718/go.mod h1:GZJzT4aQqvmf/ZBhPaXDqkQBV38RyHs1Yu1t+AqIjPM=
